lockfileVersion: 5.3

specifiers:
  '@docsearch/css': ^3.1.0
  '@docsearch/js': ^3.1.0
  '@docsearch/react': ^3.1.0
  '@iconify/json': ^1.1.461
  '@types/node': ^15.0.2
  '@vueuse/core': ^4.11.2
  esno: ^0.16.3
  execa: ^5.1.1
  prism-theme-vars: ^0.2.3
  react: ^18.2.0
  react-dom: ^18.2.0
  typescript: ^4.7.4
  vite: ^2.9.12
  vite-plugin-components: ^0.13.3
  vite-plugin-icons: ^0.6.5
  vite-plugin-windicss: ^0.17.1
  vitepress: ^0.22.4
  vue: ^3.2.37
  vue-demi: ^0.13.1

dependencies:
  '@docsearch/css': 3.1.0
  '@docsearch/js': 3.1.0_react-dom@18.2.0+react@18.2.0
  '@docsearch/react': 3.1.0_react-dom@18.2.0+react@18.2.0
  '@iconify/json': 1.1.461
  '@vueuse/core': 4.11.2_vue@3.2.37
  esno: 0.16.3
  execa: 5.1.1
  prism-theme-vars: 0.2.3
  vitepress: 0.22.4_react-dom@18.2.0+react@18.2.0
  vue-demi: 0.13.1_vue@3.2.37

devDependencies:
  '@types/node': 15.0.2
  react: 18.2.0
  react-dom: 18.2.0_react@18.2.0
  typescript: 4.7.4
  vite: 2.9.12
  vite-plugin-components: 0.13.3_vite@2.9.12
  vite-plugin-icons: 0.6.5_@iconify+json@1.1.461
  vite-plugin-windicss: 0.17.1_vite@2.9.12
  vue: 3.2.37

packages:

  /@algolia/autocomplete-core/1.6.3:
    resolution: {integrity: sha512-dqQqRt01fX3YuVFrkceHsoCnzX0bLhrrg8itJI1NM68KjrPYQPYsE+kY8EZTCM4y8VDnhqJErR73xe/ZsV+qAA==}
    dependencies:
      '@algolia/autocomplete-shared': 1.6.3
    dev: false

  /@algolia/autocomplete-shared/1.6.3:
    resolution: {integrity: sha512-UV46bnkTztyADFaETfzFC5ryIdGVb2zpAoYgu0tfcuYWjhg1KbLXveFffZIrGVoboqmAk1b+jMrl6iCja1i3lg==}
    dev: false

  /@algolia/cache-browser-local-storage/4.9.1:
    resolution: {integrity: sha512-bAUU9vKCy45uTTlzJw0LYu1IjoZsmzL6lgjaVFaW1crhX/4P+JD5ReQv3n/wpiXSFaHq1WEO3WyH2g3ymzeipQ==}
    dependencies:
      '@algolia/cache-common': 4.9.1
    dev: false

  /@algolia/cache-common/4.9.1:
    resolution: {integrity: sha512-tcvw4mOfFy44V4ZxDEy9wNGr6vFROZKRpXKTEBgdw/WBn6mX51H1ar4RWtceDEcDU4H5fIv5tsY3ip2hU+fTPg==}
    dev: false

  /@algolia/cache-in-memory/4.9.1:
    resolution: {integrity: sha512-IEJrHonvdymW2CnRfJtsTVWyfAH05xPEFkGXGCw00+6JNCj8Dln3TeaRLiaaY1srlyGedkemekQm1/Xb46CGOQ==}
    dependencies:
      '@algolia/cache-common': 4.9.1
    dev: false

  /@algolia/client-account/4.9.1:
    resolution: {integrity: sha512-Shpjeuwb7i2LR5QuWREb6UbEQLGB+Pl/J5+wPgILJDP/uWp7jpl0ase9mYNQGKj7TjztpSpQCPZ3dSHPnzZPfw==}
    dependencies:
      '@algolia/client-common': 4.9.1
      '@algolia/client-search': 4.9.1
      '@algolia/transporter': 4.9.1
    dev: false

  /@algolia/client-analytics/4.9.1:
    resolution: {integrity: sha512-/g6OkOSIA+A0t/tjvbL6iG/zV4El4LPFgv/tcAYHTH27BmlNtnEXw+iFpGjeUlQoPily9WVB3QNLMJkaNwL3HA==}
    dependencies:
      '@algolia/client-common': 4.9.1
      '@algolia/client-search': 4.9.1
      '@algolia/requester-common': 4.9.1
      '@algolia/transporter': 4.9.1
    dev: false

  /@algolia/client-common/4.9.1:
    resolution: {integrity: sha512-UziRTZ8km3qwoVPIyEre8TV6V+MX7UtbfVqPmSafZ0xu41UUZ+sL56YoKjOXkbKuybeIC9prXMGy/ID5bXkTqg==}
    dependencies:
      '@algolia/requester-common': 4.9.1
      '@algolia/transporter': 4.9.1
    dev: false

  /@algolia/client-recommendation/4.9.1:
    resolution: {integrity: sha512-Drtvvm1PNIOpYf4HFlkPFstFQ3IsN+TRmxur2F7y6Faplb5ybISa8ithu1tmlTdyTf3A78hQUQjgJet6qD2XZw==}
    dependencies:
      '@algolia/client-common': 4.9.1
      '@algolia/requester-common': 4.9.1
      '@algolia/transporter': 4.9.1
    dev: false

  /@algolia/client-search/4.9.1:
    resolution: {integrity: sha512-r9Cw2r8kJr45iYncFDht6EshARghU265wuY8Q8oHrpFHjAziEYdsUOdNmQKbsSH5J3gLjDPx1EI5DzVd6ivn3w==}
    dependencies:
      '@algolia/client-common': 4.9.1
      '@algolia/requester-common': 4.9.1
      '@algolia/transporter': 4.9.1
    dev: false

  /@algolia/logger-common/4.9.1:
    resolution: {integrity: sha512-9mPrbFlFyPT7or/7PXTiJjyOewWB9QRkZKVXkt5zHAUiUzGxmmdpJIGpPv3YQnDur8lXrXaRI0MHXUuIDMY1ng==}
    dev: false

  /@algolia/logger-console/4.9.1:
    resolution: {integrity: sha512-74VUwjtFjFpjZpi3QoHIPv0kcr3vWUSHX/Vs8PJW3lPsD4CgyhFenQbG9v+ZnyH0JrJwiYTtzfmrVh7IMWZGrQ==}
    dependencies:
      '@algolia/logger-common': 4.9.1
    dev: false

  /@algolia/requester-browser-xhr/4.9.1:
    resolution: {integrity: sha512-zc46tk5o0ikOAz3uYiRAMxC2iVKAMFKT7nNZnLB5IzT0uqAh7pz/+D/UvIxP4bKmsllpBSnPcpfQF+OI4Ag/BA==}
    dependencies:
      '@algolia/requester-common': 4.9.1
    dev: false

  /@algolia/requester-common/4.9.1:
    resolution: {integrity: sha512-9hPgXnlCSbqJqF69M5x5WN3h51Dc+mk/iWNeJSVxExHGvCDfBBZd0v6S15i8q2a9cD1I2RnhMpbnX5BmGtabVA==}
    dev: false

  /@algolia/requester-node-http/4.9.1:
    resolution: {integrity: sha512-vYNVbSCuyrCSCjHBQJk+tLZtWCjvvDf5tSbRJjyJYMqpnXuIuP7gZm24iHil4NPYBhbBj5NU2ZDAhc/gTn75Ag==}
    dependencies:
      '@algolia/requester-common': 4.9.1
    dev: false

  /@algolia/transporter/4.9.1:
    resolution: {integrity: sha512-AbjFfGzX+cAuj7Qyc536OxIQzjFOA5FU2ANGStx8LBH+AKXScwfkx67C05riuaRR5adSCLMSEbVvUscH0nF+6A==}
    dependencies:
      '@algolia/cache-common': 4.9.1
      '@algolia/logger-common': 4.9.1
      '@algolia/requester-common': 4.9.1
    dev: false

  /@antfu/utils/0.1.7:
    resolution: {integrity: sha512-XbmXbhrjfxQq+ishOKeUIK1VYxQV0B+ZkAQkz00bxhmQd5izdT0YRSDwkyH/KX46gFVBMd+6anvSDlciUt3L4A==}
    dev: true

  /@babel/helper-validator-identifier/7.14.0:
    resolution: {integrity: sha512-V3ts7zMSu5lfiwWDVWzRDGIN+lnCEUdaXgtVHJgLb1rGaA6jMrtB9EmE7L18foXJIE8Un/A/h6NJfGQp/e1J4A==}

  /@babel/parser/7.18.5:
    resolution: {integrity: sha512-YZWVaglMiplo7v8f1oMQ5ZPQr0vn7HPeZXxXWsxXJRjGVrzUFn9OxFQl1sb5wzfootjA/yChhW84BV+383FSOw==}
    engines: {node: '>=6.0.0'}
    hasBin: true
    dependencies:
      '@babel/types': 7.14.0

  /@babel/types/7.14.0:
    resolution: {integrity: sha512-O2LVLdcnWplaGxiPBz12d0HcdN8QdxdsWYhz5LSeuukV/5mn2xUUc3gBeU4QBYPJ18g/UToe8F532XJ608prmg==}
    dependencies:
      '@babel/helper-validator-identifier': 7.14.0
      to-fast-properties: 2.0.0

  /@docsearch/css/3.1.0:
    resolution: {integrity: sha512-bh5IskwkkodbvC0FzSg1AxMykfDl95hebEKwxNoq4e5QaGzOXSBgW8+jnMFZ7JU4sTBiB04vZWoUSzNrPboLZA==}
    dev: false

  /@docsearch/js/3.1.0_react-dom@18.2.0+react@18.2.0:
    resolution: {integrity: sha512-5XSK+xbP0hcTIp54MECqxkWLs6kf7Ug4nWdxWNtx8cUpLiFNFnKXDxCb35wnyNpjukmrx7Q9DkO5tFFsmNVxng==}
    dependencies:
      '@docsearch/react': 3.1.0_react-dom@18.2.0+react@18.2.0
      preact: 10.5.13
    transitivePeerDependencies:
      - '@types/react'
      - react
      - react-dom
    dev: false

  /@docsearch/react/3.1.0_react-dom@18.2.0+react@18.2.0:
    resolution: {integrity: sha512-bjB6ExnZzf++5B7Tfoi6UXgNwoUnNOfZ1NyvnvPhWgCMy5V/biAtLL4o7owmZSYdAKeFSvZ5Lxm0is4su/dBWg==}
    peerDependencies:
      '@types/react': '>= 16.8.0 < 19.0.0'
      react: '>= 16.8.0 < 19.0.0'
      react-dom: '>= 16.8.0 < 19.0.0'
    dependencies:
      '@algolia/autocomplete-core': 1.6.3
      '@docsearch/css': 3.1.0
      algoliasearch: 4.9.1
      react: 18.2.0
      react-dom: 18.2.0_react@18.2.0
    dev: false

  /@esbuild-kit/cjs-loader/2.2.1:
    resolution: {integrity: sha512-pq2Z4DcqTBF7y1wQuIzFVqmHJVnmP6hgHEWN2ubPjeG7OzXMZ9NvozW+YA/MIeMdZWp1jcJ/EvXk2+mfEKoCDQ==}
    dependencies:
      '@esbuild-kit/core-utils': 2.0.2
      get-tsconfig: 4.0.7
    dev: false

  /@esbuild-kit/core-utils/2.0.2:
    resolution: {integrity: sha512-clNYQUsqtc36pzW5EufMsahcbLG45EaW3YDyf0DlaS0eCMkDXpxIlHwPC0rndUwG6Ytk9sMSD5k1qHbwYEC/OQ==}
    dependencies:
      esbuild: 0.14.47
      source-map-support: 0.5.21
    dev: false

  /@esbuild-kit/esm-loader/2.3.1:
    resolution: {integrity: sha512-CC0H91Oa02cczLswEoiLowTzWxvnS3tIBGkQa1BnieFK7HHV4whrBFGRlUD9rMHfyyoO55IuOqNujycXX+gI8A==}
    dependencies:
      '@esbuild-kit/core-utils': 2.0.2
      get-tsconfig: 4.0.7
    dev: false

  /@iconify/json-tools/1.0.10:
    resolution: {integrity: sha512-LFelJDOLZ6JHlmlAkgrvmcu4hpNPB91KYcr4f60D/exzU1eNOb4/KCVHIydGHIQFaOacIOD+Xy+B7P1z812cZg==}
    dev: true

  /@iconify/json/1.1.461:
    resolution: {integrity: sha512-9Y41Tk9s3LDt4WI20XySNhNX6qTJ/WOBeE3O2iyoV9LJ6gFEDjp0uTPzfRU9NUx7D6VkvQ/htJEuRe9LmyMqUA==}

  /@nodelib/fs.scandir/2.1.4:
    resolution: {integrity: sha512-33g3pMJk3bg5nXbL/+CY6I2eJDzZAni49PfJnL5fghPTggPvBd/pFNSgJsdAgWptuFu7qq/ERvOYFlhvsLTCKA==}
    engines: {node: '>= 8'}
    dependencies:
      '@nodelib/fs.stat': 2.0.4
      run-parallel: 1.2.0
    dev: true

  /@nodelib/fs.stat/2.0.4:
    resolution: {integrity: sha512-IYlHJA0clt2+Vg7bccq+TzRdJvv19c2INqBSsoOLp1je7xjtr7J26+WXR72MCdvU9q1qTzIWDfhMf+DRvQJK4Q==}
    engines: {node: '>= 8'}
    dev: true

  /@nodelib/fs.walk/1.2.6:
    resolution: {integrity: sha512-8Broas6vTtW4GIXTAHDoE32hnN2M5ykgCpWGbuXHQ15vEMqr23pB76e/GZcYsZCHALv50ktd24qhEyKr6wBtow==}
    engines: {node: '>= 8'}
    dependencies:
      '@nodelib/fs.scandir': 2.1.4
      fastq: 1.11.0
    dev: true

  /@types/node/15.0.2:
    resolution: {integrity: sha512-p68+a+KoxpoB47015IeYZYRrdqMUcpbK8re/zpFB8Ld46LHC1lPEbp3EXgkEhAYEcPvjJF6ZO+869SQ0aH1dcA==}
    dev: true

  /@vitejs/plugin-vue/2.3.3_vite@2.9.12+vue@3.2.37:
    resolution: {integrity: sha512-SmQLDyhz+6lGJhPELsBdzXGc+AcaT8stgkbiTFGpXPe8Tl1tJaBw1A6pxDqDuRsVkD8uscrkx3hA7QDOoKYtyw==}
    engines: {node: '>=12.0.0'}
    peerDependencies:
      vite: ^2.5.10
      vue: ^3.2.25
    dependencies:
      vite: 2.9.12
      vue: 3.2.37
    dev: false

  /@vue/compiler-core/3.2.37:
    resolution: {integrity: sha512-81KhEjo7YAOh0vQJoSmAD68wLfYqJvoiD4ulyedzF+OEk/bk6/hx3fTNVfuzugIIaTrOx4PGx6pAiBRe5e9Zmg==}
    dependencies:
      '@babel/parser': 7.18.5
      '@vue/shared': 3.2.37
      estree-walker: 2.0.2
      source-map: 0.6.1

  /@vue/compiler-dom/3.2.37:
    resolution: {integrity: sha512-yxJLH167fucHKxaqXpYk7x8z7mMEnXOw3G2q62FTkmsvNxu4FQSu5+3UMb+L7fjKa26DEzhrmCxAgFLLIzVfqQ==}
    dependencies:
      '@vue/compiler-core': 3.2.37
      '@vue/shared': 3.2.37

  /@vue/compiler-sfc/3.2.37:
    resolution: {integrity: sha512-+7i/2+9LYlpqDv+KTtWhOZH+pa8/HnX/905MdVmAcI/mPQOBwkHHIzrsEsucyOIZQYMkXUiTkmZq5am/NyXKkg==}
    dependencies:
      '@babel/parser': 7.18.5
      '@vue/compiler-core': 3.2.37
      '@vue/compiler-dom': 3.2.37
      '@vue/compiler-ssr': 3.2.37
      '@vue/reactivity-transform': 3.2.37
      '@vue/shared': 3.2.37
      estree-walker: 2.0.2
      magic-string: 0.25.7
      postcss: 8.4.14
      source-map: 0.6.1

  /@vue/compiler-ssr/3.2.37:
    resolution: {integrity: sha512-7mQJD7HdXxQjktmsWp/J67lThEIcxLemz1Vb5I6rYJHR5vI+lON3nPGOH3ubmbvYGt8xEUaAr1j7/tIFWiEOqw==}
    dependencies:
      '@vue/compiler-dom': 3.2.37
      '@vue/shared': 3.2.37

  /@vue/reactivity-transform/3.2.37:
    resolution: {integrity: sha512-IWopkKEb+8qpu/1eMKVeXrK0NLw9HicGviJzhJDEyfxTR9e1WtpnnbYkJWurX6WwoFP0sz10xQg8yL8lgskAZg==}
    dependencies:
      '@babel/parser': 7.18.5
      '@vue/compiler-core': 3.2.37
      '@vue/shared': 3.2.37
      estree-walker: 2.0.2
      magic-string: 0.25.7

  /@vue/reactivity/3.2.37:
    resolution: {integrity: sha512-/7WRafBOshOc6m3F7plwzPeCu/RCVv9uMpOwa/5PiY1Zz+WLVRWiy0MYKwmg19KBdGtFWsmZ4cD+LOdVPcs52A==}
    dependencies:
      '@vue/shared': 3.2.37

  /@vue/runtime-core/3.2.37:
    resolution: {integrity: sha512-JPcd9kFyEdXLl/i0ClS7lwgcs0QpUAWj+SKX2ZC3ANKi1U4DOtiEr6cRqFXsPwY5u1L9fAjkinIdB8Rz3FoYNQ==}
    dependencies:
      '@vue/reactivity': 3.2.37
      '@vue/shared': 3.2.37

  /@vue/runtime-dom/3.2.37:
    resolution: {integrity: sha512-HimKdh9BepShW6YozwRKAYjYQWg9mQn63RGEiSswMbW+ssIht1MILYlVGkAGGQbkhSh31PCdoUcfiu4apXJoPw==}
    dependencies:
      '@vue/runtime-core': 3.2.37
      '@vue/shared': 3.2.37
      csstype: 2.6.17

  /@vue/server-renderer/3.2.37_vue@3.2.37:
    resolution: {integrity: sha512-kLITEJvaYgZQ2h47hIzPh2K3jG8c1zCVbp/o/bzQOyvzaKiCquKS7AaioPI28GNxIsE/zSx+EwWYsNxDCX95MA==}
    peerDependencies:
      vue: 3.2.37
    dependencies:
      '@vue/compiler-ssr': 3.2.37
      '@vue/shared': 3.2.37
      vue: 3.2.37

  /@vue/shared/3.2.37:
    resolution: {integrity: sha512-4rSJemR2NQIo9Klm1vabqWjD8rs/ZaJSzMxkMNeJS6lHiUjjUeYFbooN19NgFjztubEKh3WlZUeOLVdbbUWHsw==}

  /@vueuse/core/4.11.2_vue@3.2.37:
    resolution: {integrity: sha512-4A17XvKXpMR6829EVWvrdSKEeAjTWaiC3+xh51KEtlyCwvWQwZ0xwKDrbMj+e15ANxjHrTw/0bJVaWDfPQt/Pw==}
    dependencies:
      '@vueuse/shared': 4.11.2_vue@3.2.37
      vue-demi: 0.13.1_vue@3.2.37
    transitivePeerDependencies:
      - '@vue/composition-api'
      - vue
    dev: false

  /@vueuse/shared/4.11.2_vue@3.2.37:
    resolution: {integrity: sha512-vTbTi6ou7ljH3CkKVoaIaCAoWB5T1ewSogpL6VnO1duMPNuiv7x8K/LunMbnTg4tVyt6QwaiCuEq/kyS6AUBRg==}
    dependencies:
      vue-demi: 0.13.1_vue@3.2.37
    transitivePeerDependencies:
      - '@vue/composition-api'
      - vue
    dev: false

  /@windicss/plugin-utils/0.17.1:
    resolution: {integrity: sha512-jyJAWoPKdQCSkyLKI2KPnQfs7iJFlENQdyr9iDqQVOHjInSVK3fVBeJdi35sbtPFPibC/JUFqHNrf9dPnN22Mg==}
    dependencies:
      '@antfu/utils': 0.1.7
      debug: 4.3.2
      fast-glob: 3.2.11
      jiti: 1.14.0
      magic-string: 0.25.7
      micromatch: 4.0.4
      windicss: 3.5.5
    transitivePeerDependencies:
      - supports-color
    dev: true

  /algoliasearch/4.9.1:
    resolution: {integrity: sha512-EeJUYXzBEhZSsL6tXc3hseLBCtlNLa1MZ4mlMK6EeX38yRjY5vgnFcNNml6uUhlOjvheKxgkKRpPWkxgL8Cqkg==}
    dependencies:
      '@algolia/cache-browser-local-storage': 4.9.1
      '@algolia/cache-common': 4.9.1
      '@algolia/cache-in-memory': 4.9.1
      '@algolia/client-account': 4.9.1
      '@algolia/client-analytics': 4.9.1
      '@algolia/client-common': 4.9.1
      '@algolia/client-recommendation': 4.9.1
      '@algolia/client-search': 4.9.1
      '@algolia/logger-common': 4.9.1
      '@algolia/logger-console': 4.9.1
      '@algolia/requester-browser-xhr': 4.9.1
      '@algolia/requester-common': 4.9.1
      '@algolia/requester-node-http': 4.9.1
      '@algolia/transporter': 4.9.1
    dev: false

  /ansi-styles/4.3.0:
    resolution: {integrity: sha512-zbB9rCJAT1rbjiVDb2hqKFHNYLxgtk8NURxZ3IZwD3F6NtxbXZQCnnSi1Lkx+IDohdPlFp222wVALIheZJQSEg==}
    engines: {node: '>=8'}
    dependencies:
      color-convert: 2.0.1
    dev: true

  /balanced-match/1.0.2:
    resolution: {integrity: sha512-3oSeUO0TMV67hN1AmbXsK4yaqU7tjiHlbxRDZOpH0KW9+CeX4bRAaX0Anxt0tx2MrpRpWwQaPwIlISEJhYU5Pw==}
    dev: true

  /brace-expansion/1.1.11:
    resolution: {integrity: sha512-iCuPHDFgrHX7H2vEI/5xpz07zSHB00TpugqhmYtVmMO6518mCuRMoOYFldEBl0g187ufozdaHgWKcYFb61qGiA==}
    dependencies:
      balanced-match: 1.0.2
      concat-map: 0.0.1
    dev: true

  /braces/3.0.2:
    resolution: {integrity: sha512-b8um+L1RzM3WDSzvhm6gIz1yfTbBt6YTlcEKAvsmqCZZFw46z626lVj9j1yEPW33H5H+lBQpZMP1k8l+78Ha0A==}
    engines: {node: '>=8'}
    dependencies:
      fill-range: 7.0.1
    dev: true

  /buffer-from/1.1.2:
    resolution: {integrity: sha512-E+XQCRwSbaaiChtv6k6Dwgc+bx+Bs6vuKJHHl5kox/BaKbhiXzqQOwK4cO22yElGp2OCmjwVhT3HmxgyPGnJfQ==}
    dev: false

  /chalk/4.1.1:
    resolution: {integrity: sha512-diHzdDKxcU+bAsUboHLPEDQiw0qEe0qd7SYUn3HgcFlWgbDcfLGswOHYeGrHKzG9z6UYf01d9VFMfZxPM1xZSg==}
    engines: {node: '>=10'}
    dependencies:
      ansi-styles: 4.3.0
      supports-color: 7.2.0
    dev: true

  /color-convert/2.0.1:
    resolution: {integrity: sha512-RRECPsj7iu/xb5oKYcsFHSppFNnsj/52OVTRKb4zP5onXwVF3zVmmToNcOfGC+CRDpfK/U584fMg38ZHCaElKQ==}
    engines: {node: '>=7.0.0'}
    dependencies:
      color-name: 1.1.4
    dev: true

  /color-name/1.1.4:
    resolution: {integrity: sha512-dOy+3AuW3a2wNbZHIuMZpTcgjGuLU/uBL/ubcZF9OXbDo8ff4O8yVp5Bf0efS8uEoYo5q4Fx7dY9OgQGXgAsQA==}
    dev: true

  /concat-map/0.0.1:
    resolution: {integrity: sha512-/Srv4dswyQNBfohGpz9o6Yb3Gz3SrUDqBH5rTuhGR7ahtlbYKnVxw2bCFMRljaA7EXHaXZ8wsHdodFvbkhKmqg==}
    dev: true

  /cross-spawn/7.0.3:
    resolution: {integrity: sha512-iRDPJKUPVEND7dHPO8rkbOnPpyDygcDFtWjpeWNCgy8WP2rXcxXL8TskReQl6OrB2G7+UJrags1q15Fudc7G6w==}
    engines: {node: '>= 8'}
    dependencies:
      path-key: 3.1.1
      shebang-command: 2.0.0
      which: 2.0.2
    dev: false

  /csstype/2.6.17:
    resolution: {integrity: sha512-u1wmTI1jJGzCJzWndZo8mk4wnPTZd1eOIYTYvuEyOQGfmDl3TrabCCfKnOC86FZwW/9djqTl933UF/cS425i9A==}

  /debug/4.3.2:
    resolution: {integrity: sha512-mOp8wKcvj7XxC78zLgw/ZA+6TSgkoE2C/ienthhRD298T7UNwAg9diBpLRxC0mOezLl4B0xV7M0cCO6P/O0Xhw==}
    engines: {node: '>=6.0'}
    peerDependencies:
      supports-color: '*'
    peerDependenciesMeta:
      supports-color:
        optional: true
    dependencies:
      ms: 2.1.2
    dev: true

  /esbuild-android-64/0.14.47:
    resolution: {integrity: sha512-R13Bd9+tqLVFndncMHssZrPWe6/0Kpv2/dt4aA69soX4PRxlzsVpCvoJeFE8sOEoeVEiBkI0myjlkDodXlHa0g==}
    engines: {node: '>=12'}
    cpu: [x64]
    os: [android]
    requiresBuild: true
    optional: true

  /esbuild-android-arm64/0.14.47:
    resolution: {integrity: sha512-OkwOjj7ts4lBp/TL6hdd8HftIzOy/pdtbrNA4+0oVWgGG64HrdVzAF5gxtJufAPOsEjkyh1oIYvKAUinKKQRSQ==}
    engines: {node: '>=12'}
    cpu: [arm64]
    os: [android]
    requiresBuild: true
    optional: true

  /esbuild-darwin-64/0.14.47:
    resolution: {integrity: sha512-R6oaW0y5/u6Eccti/TS6c/2c1xYTb1izwK3gajJwi4vIfNs1s8B1dQzI1UiC9T61YovOQVuePDcfqHLT3mUZJA==}
    engines: {node: '>=12'}
    cpu: [x64]
    os: [darwin]
    requiresBuild: true
    optional: true

  /esbuild-darwin-arm64/0.14.47:
    resolution: {integrity: sha512-seCmearlQyvdvM/noz1L9+qblC5vcBrhUaOoLEDDoLInF/VQ9IkobGiLlyTPYP5dW1YD4LXhtBgOyevoIHGGnw==}
    engines: {node: '>=12'}
    cpu: [arm64]
    os: [darwin]
    requiresBuild: true
    optional: true

  /esbuild-freebsd-64/0.14.47:
    resolution: {integrity: sha512-ZH8K2Q8/Ux5kXXvQMDsJcxvkIwut69KVrYQhza/ptkW50DC089bCVrJZZ3sKzIoOx+YPTrmsZvqeZERjyYrlvQ==}
    engines: {node: '>=12'}
    cpu: [x64]
    os: [freebsd]
    requiresBuild: true
    optional: true

  /esbuild-freebsd-arm64/0.14.47:
    resolution: {integrity: sha512-ZJMQAJQsIOhn3XTm7MPQfCzEu5b9STNC+s90zMWe2afy9EwnHV7Ov7ohEMv2lyWlc2pjqLW8QJnz2r0KZmeAEQ==}
    engines: {node: '>=12'}
    cpu: [arm64]
    os: [freebsd]
    requiresBuild: true
    optional: true

  /esbuild-linux-32/0.14.47:
    resolution: {integrity: sha512-FxZOCKoEDPRYvq300lsWCTv1kcHgiiZfNrPtEhFAiqD7QZaXrad8LxyJ8fXGcWzIFzRiYZVtB3ttvITBvAFhKw==}
    engines: {node: '>=12'}
    cpu: [ia32]
    os: [linux]
    requiresBuild: true
    optional: true

  /esbuild-linux-64/0.14.47:
    resolution: {integrity: sha512-nFNOk9vWVfvWYF9YNYksZptgQAdstnDCMtR6m42l5Wfugbzu11VpMCY9XrD4yFxvPo9zmzcoUL/88y0lfJZJJw==}
    engines: {node: '>=12'}
    cpu: [x64]
    os: [linux]
    requiresBuild: true
    optional: true

  /esbuild-linux-arm/0.14.47:
    resolution: {integrity: sha512-ZGE1Bqg/gPRXrBpgpvH81tQHpiaGxa8c9Rx/XOylkIl2ypLuOcawXEAo8ls+5DFCcRGt/o3sV+PzpAFZobOsmA==}
    engines: {node: '>=12'}
    cpu: [arm]
    os: [linux]
    requiresBuild: true
    optional: true

  /esbuild-linux-arm64/0.14.47:
    resolution: {integrity: sha512-ywfme6HVrhWcevzmsufjd4iT3PxTfCX9HOdxA7Hd+/ZM23Y9nXeb+vG6AyA6jgq/JovkcqRHcL9XwRNpWG6XRw==}
    engines: {node: '>=12'}
    cpu: [arm64]
    os: [linux]
    requiresBuild: true
    optional: true

  /esbuild-linux-mips64le/0.14.47:
    resolution: {integrity: sha512-mg3D8YndZ1LvUiEdDYR3OsmeyAew4MA/dvaEJxvyygahWmpv1SlEEnhEZlhPokjsUMfRagzsEF/d/2XF+kTQGg==}
    engines: {node: '>=12'}
    cpu: [mips64el]
    os: [linux]
    requiresBuild: true
    optional: true

  /esbuild-linux-ppc64le/0.14.47:
    resolution: {integrity: sha512-WER+f3+szmnZiWoK6AsrTKGoJoErG2LlauSmk73LEZFQ/iWC+KhhDsOkn1xBUpzXWsxN9THmQFltLoaFEH8F8w==}
    engines: {node: '>=12'}
    cpu: [ppc64]
    os: [linux]
    requiresBuild: true
    optional: true

  /esbuild-linux-riscv64/0.14.47:
    resolution: {integrity: sha512-1fI6bP3A3rvI9BsaaXbMoaOjLE3lVkJtLxsgLHqlBhLlBVY7UqffWBvkrX/9zfPhhVMd9ZRFiaqXnB1T7BsL2g==}
    engines: {node: '>=12'}
    cpu: [riscv64]
    os: [linux]
    requiresBuild: true
    optional: true

  /esbuild-linux-s390x/0.14.47:
    resolution: {integrity: sha512-eZrWzy0xFAhki1CWRGnhsHVz7IlSKX6yT2tj2Eg8lhAwlRE5E96Hsb0M1mPSE1dHGpt1QVwwVivXIAacF/G6mw==}
    engines: {node: '>=12'}
    cpu: [s390x]
    os: [linux]
    requiresBuild: true
    optional: true

  /esbuild-netbsd-64/0.14.47:
    resolution: {integrity: sha512-Qjdjr+KQQVH5Q2Q1r6HBYswFTToPpss3gqCiSw2Fpq/ua8+eXSQyAMG+UvULPqXceOwpnPo4smyZyHdlkcPppQ==}
    engines: {node: '>=12'}
    cpu: [x64]
    os: [netbsd]
    requiresBuild: true
    optional: true

  /esbuild-openbsd-64/0.14.47:
    resolution: {integrity: sha512-QpgN8ofL7B9z8g5zZqJE+eFvD1LehRlxr25PBkjyyasakm4599iroUpaj96rdqRlO2ShuyqwJdr+oNqWwTUmQw==}
    engines: {node: '>=12'}
    cpu: [x64]
    os: [openbsd]
    requiresBuild: true
    optional: true

  /esbuild-sunos-64/0.14.47:
    resolution: {integrity: sha512-uOeSgLUwukLioAJOiGYm3kNl+1wJjgJA8R671GYgcPgCx7QR73zfvYqXFFcIO93/nBdIbt5hd8RItqbbf3HtAQ==}
    engines: {node: '>=12'}
    cpu: [x64]
    os: [sunos]
    requiresBuild: true
    optional: true

  /esbuild-windows-32/0.14.47:
    resolution: {integrity: sha512-H0fWsLTp2WBfKLBgwYT4OTfFly4Im/8B5f3ojDv1Kx//kiubVY0IQunP2Koc/fr/0wI7hj3IiBDbSrmKlrNgLQ==}
    engines: {node: '>=12'}
    cpu: [ia32]
    os: [win32]
    requiresBuild: true
    optional: true

  /esbuild-windows-64/0.14.47:
    resolution: {integrity: sha512-/Pk5jIEH34T68r8PweKRi77W49KwanZ8X6lr3vDAtOlH5EumPE4pBHqkCUdELanvsT14yMXLQ/C/8XPi1pAtkQ==}
    engines: {node: '>=12'}
    cpu: [x64]
    os: [win32]
    requiresBuild: true
    optional: true

  /esbuild-windows-arm64/0.14.47:
    resolution: {integrity: sha512-HFSW2lnp62fl86/qPQlqw6asIwCnEsEoNIL1h2uVMgakddf+vUuMcCbtUY1i8sst7KkgHrVKCJQB33YhhOweCQ==}
    engines: {node: '>=12'}
    cpu: [arm64]
    os: [win32]
    requiresBuild: true
    optional: true

  /esbuild/0.14.47:
    resolution: {integrity: sha512-wI4ZiIfFxpkuxB8ju4MHrGwGLyp1+awEHAHVpx6w7a+1pmYIq8T9FGEVVwFo0iFierDoMj++Xq69GXWYn2EiwA==}
    engines: {node: '>=12'}
    hasBin: true
    requiresBuild: true
    optionalDependencies:
      esbuild-android-64: 0.14.47
      esbuild-android-arm64: 0.14.47
      esbuild-darwin-64: 0.14.47
      esbuild-darwin-arm64: 0.14.47
      esbuild-freebsd-64: 0.14.47
      esbuild-freebsd-arm64: 0.14.47
      esbuild-linux-32: 0.14.47
      esbuild-linux-64: 0.14.47
      esbuild-linux-arm: 0.14.47
      esbuild-linux-arm64: 0.14.47
      esbuild-linux-mips64le: 0.14.47
      esbuild-linux-ppc64le: 0.14.47
      esbuild-linux-riscv64: 0.14.47
      esbuild-linux-s390x: 0.14.47
      esbuild-netbsd-64: 0.14.47
      esbuild-openbsd-64: 0.14.47
      esbuild-sunos-64: 0.14.47
      esbuild-windows-32: 0.14.47
      esbuild-windows-64: 0.14.47
      esbuild-windows-arm64: 0.14.47

  /esno/0.16.3:
    resolution: {integrity: sha512-6slSBEV1lMKcX13DBifvnDFpNno5WXhw4j/ff7RI0y51BZiDqEe5dNhhjhIQ3iCOQuzsm2MbVzmwqbN78BBhPg==}
    hasBin: true
    dependencies:
      tsx: 3.6.0
    dev: false

  /estree-walker/2.0.2:
    resolution: {integrity: sha512-Rfkk/Mp/DL7JVje3u18FxFujQlTNR2q6QfMSMB7AvCBx91NGj/ba3kCfza0f6dVDbw7YlRf/nDrn7pQrCCyQ/w==}

  /execa/5.1.1:
    resolution: {integrity: sha512-8uSpZZocAZRBAPIEINJj3Lo9HyGitllczc27Eh5YYojjMFMn8yHMDMaUHE2Jqfq05D/wucwI4JGURyXt1vchyg==}
    engines: {node: '>=10'}
    dependencies:
      cross-spawn: 7.0.3
      get-stream: 6.0.1
      human-signals: 2.1.0
      is-stream: 2.0.0
      merge-stream: 2.0.0
      npm-run-path: 4.0.1
      onetime: 5.1.2
      signal-exit: 3.0.3
      strip-final-newline: 2.0.0
    dev: false

  /fast-glob/3.2.11:
    resolution: {integrity: sha512-xrO3+1bxSo3ZVHAnqzyuewYT6aMFHRAd4Kcs92MAonjwQZLsK9d0SF1IyQ3k5PoirxTW0Oe/RqFgMQ6TcNE5Ew==}
    engines: {node: '>=8.6.0'}
    dependencies:
      '@nodelib/fs.stat': 2.0.4
      '@nodelib/fs.walk': 1.2.6
      glob-parent: 5.1.2
      merge2: 1.4.1
      micromatch: 4.0.4
    dev: true

  /fastq/1.11.0:
    resolution: {integrity: sha512-7Eczs8gIPDrVzT+EksYBcupqMyxSHXXrHOLRRxU2/DicV8789MRBRR8+Hc2uWzUupOs4YS4JzBmBxjjCVBxD/g==}
    dependencies:
      reusify: 1.0.4
    dev: true

  /fill-range/7.0.1:
    resolution: {integrity: sha512-qOo9F+dMUmC2Lcb4BbVvnKJxTPjCm+RRpe4gDuGrzkL7mEVl/djYSu2OdQ2Pa302N4oqkSg9ir6jaLWJ2USVpQ==}
    engines: {node: '>=8'}
    dependencies:
      to-regex-range: 5.0.1
    dev: true

  /fsevents/2.3.2:
    resolution: {integrity: sha512-xiqMQR4xAeHTuB9uWm+fFRcIOgKBMiOBP+eXiyT7jsgVCq1bkVygt00oASowB7EdtpOHaaPgKt812P9ab+DDKA==}
    engines: {node: ^8.16.0 || ^10.6.0 || >=11.0.0}
    os: [darwin]
    requiresBuild: true
    optional: true

  /function-bind/1.1.1:
    resolution: {integrity: sha512-yIovAzMX49sF8Yl58fSCWJ5svSLuaibPxXQJFLmBObTuCr0Mf1KiPopGM9NiFjiYBCbfaa2Fh6breQ6ANVTI0A==}

  /get-stream/6.0.1:
    resolution: {integrity: sha512-ts6Wi+2j3jQjqi70w5AlN8DFnkSwC+MqmxEzdEALB2qXZYV3X/b1CTfgPLGJNMeAWxdPfU8FO1ms3NUfaHCPYg==}
    engines: {node: '>=10'}
    dev: false

  /get-tsconfig/4.0.7:
    resolution: {integrity: sha512-hI0ikvRti9TmxszXtfRaVxSU0yQ2HJK03MU14dG/exX/RrELbMTYJW0xOzGR6c2FsddZ3eZHZxDotEIPOw4D+A==}
    dev: false

  /glob-parent/5.1.2:
    resolution: {integrity: sha512-AOIgSQCepiJYwP3ARnGx+5VnTu2HBYdzbGP45eLw1vr3zB3vZLeyed1sC9hnbcOc9/SrMyM5RPQrkGz4aS9Zow==}
    engines: {node: '>= 6'}
    dependencies:
      is-glob: 4.0.1
    dev: true

  /has-flag/4.0.0:
    resolution: {integrity: sha512-EykJT/Q1KjTWctppgIAgfSO0tKVuZUjhgMr17kqTumMl6Afv3EISleU7qZUzoXDFTAHTDC4NOoG/ZxU3EvlMPQ==}
    engines: {node: '>=8'}
    dev: true

  /has/1.0.3:
    resolution: {integrity: sha512-f2dvO0VU6Oej7RkWJGrehjbzMAjFp5/VKPp5tTpWIV4JHHZK1/BxbFRtf/siA2SWTe09caDmVtYYzWEIbBS4zw==}
    engines: {node: '>= 0.4.0'}
    dependencies:
      function-bind: 1.1.1

  /human-signals/2.1.0:
    resolution: {integrity: sha512-B4FFZ6q/T2jhhksgkbEW3HBvWIfDW85snkQgawt07S7J5QXTk6BkNV+0yAeZrM5QpMAdYlocGoljn0sJ/WQkFw==}
    engines: {node: '>=10.17.0'}
    dev: false

  /is-core-module/2.9.0:
    resolution: {integrity: sha512-+5FPy5PnwmO3lvfMb0AsoPaBG+5KHUI0wYFXOtYPnVVVspTFUuMZNfNaNVRt3FZadstu2c8x23vykRW/NBoU6A==}
    dependencies:
      has: 1.0.3

  /is-extglob/2.1.1:
    resolution: {integrity: sha512-SbKbANkN603Vi4jEZv49LeVJMn4yGwsbzZworEoyEiutsN3nJYdbO36zfhGJ6QEDpOZIFkDtnq5JRxmvl3jsoQ==}
    engines: {node: '>=0.10.0'}
    dev: true

  /is-glob/4.0.1:
    resolution: {integrity: sha512-5G0tKtBTFImOqDnLB2hG6Bp2qcKEFduo4tZu9MT/H6NQv/ghhy30o55ufafxJ/LdH79LLs2Kfrn85TLKyA7BUg==}
    engines: {node: '>=0.10.0'}
    dependencies:
      is-extglob: 2.1.1
    dev: true

  /is-number/7.0.0:
    resolution: {integrity: sha512-41Cifkg6e8TylSpdtTpeLVMqvSBEVzTttHvERD741+pnZ8ANv0004MRL43QKPDlK9cGvNp6NZWZUBlbGXYxxng==}
    engines: {node: '>=0.12.0'}
    dev: true

  /is-stream/2.0.0:
    resolution: {integrity: sha512-XCoy+WlUr7d1+Z8GgSuXmpuUFC9fOhRXglJMx+dwLKTkL44Cjd4W1Z5P+BQZpr+cR93aGP4S/s7Ftw6Nd/kiEw==}
    engines: {node: '>=8'}
    dev: false

  /isexe/2.0.0:
    resolution: {integrity: sha512-RHxMLp9lnKHGHRng9QFhRCMbYAcVpn69smSGcq3f36xjgVVWThj4qqLbTLlq7Ssj8B+fIQ1EuCEGI2lKsyQeIw==}
    dev: false

  /jiti/1.14.0:
    resolution: {integrity: sha512-4IwstlaKQc9vCTC+qUXLM1hajy2ImiL9KnLvVYiaHOtS/v3wRjhLlGl121AmgDgx/O43uKmxownJghS5XMya2A==}
    hasBin: true
    dev: true

  /js-tokens/4.0.0:
    resolution: {integrity: sha512-RdJUflcE3cUzKiMqQgsCu06FPu9UdIJO0beYbPhHN4k6apgJtifcoCtT9bcxOpYBtpD2kCM6Sbzg4CausW/PKQ==}

  /loose-envify/1.4.0:
    resolution: {integrity: sha512-lyuxPGr/Wfhrlem2CL/UcnUc1zcqKAImBDzukY7Y5F/yQiNdko6+fRLevlw1HgMySw7f611UIY408EtxRSoK3Q==}
    hasBin: true
    dependencies:
      js-tokens: 4.0.0

  /magic-string/0.25.7:
    resolution: {integrity: sha512-4CrMT5DOHTDk4HYDlzmwu4FVCcIYI8gauveasrdCu2IKIFOJ3f0v/8MDGJCDL9oD2ppz/Av1b0Nj345H9M+XIA==}
    dependencies:
      sourcemap-codec: 1.4.8

  /merge-stream/2.0.0:
    resolution: {integrity: sha512-abv/qOcuPfk3URPfDzmZU1LKmuw8kT+0nIHvKrKgFrwifol/doWcdA4ZqsWQ8ENrFKkd67Mfpo/LovbIUsbt3w==}
    dev: false

  /merge2/1.4.1:
    resolution: {integrity: sha512-8q7VEgMJW4J8tcfVPy8g09NcQwZdbwFEqhe/WZkoIzjn/3TGDwtOCYtXGxA3O8tPzpczCCDgv+P2P5y00ZJOOg==}
    engines: {node: '>= 8'}
    dev: true

  /micromatch/4.0.4:
    resolution: {integrity: sha512-pRmzw/XUcwXGpD9aI9q/0XOwLNygjETJ8y0ao0wdqprrzDa4YnxLcz7fQRZr8voh8V10kGhABbNcHVk5wHgWwg==}
    engines: {node: '>=8.6'}
    dependencies:
      braces: 3.0.2
      picomatch: 2.2.3
    dev: true

  /mimic-fn/2.1.0:
    resolution: {integrity: sha512-OqbOk5oEQeAZ8WXWydlu9HJjz9WVdEIvamMCcXmuqUYjTknH/sqsWvhQ3vgwKFRR1HpjvNBKQ37nbJgYzGqGcg==}
    engines: {node: '>=6'}
    dev: false

  /minimatch/3.0.4:
    resolution: {integrity: sha512-yJHVQEhyqPLUTgt9B83PXu6W3rx4MvvHvSUvToogpwoGDOUQ+yDrR0HRot+yOCdCO7u4hX3pWft6kWBBcqh0UA==}
    dependencies:
      brace-expansion: 1.1.11
    dev: true

  /ms/2.1.2:
    resolution: {integrity: sha512-sGkPx+VjMtmA6MX27oA4FBFELFCZZ4S4XqeGOXCv68tT+jb3vk/RyaKWP0PTKyWtmLSM0b+adUTEvbs1PEaH2w==}
    dev: true

  /nanoid/3.3.4:
    resolution: {integrity: sha512-MqBkQh/OHTS2egovRtLk45wEyNXwF+cokD+1YPf9u5VfJiRdAiRwB2froX5Co9Rh20xs4siNPm8naNotSD6RBw==}
    engines: {node: ^10 || ^12 || ^13.7 || ^14 || >=15.0.1}
    hasBin: true

  /npm-run-path/4.0.1:
    resolution: {integrity: sha512-S48WzZW777zhNIrn7gxOlISNAqi9ZC/uQFnRdbeIHhZhCA6UqpkOT8T1G7BvfdgP4Er8gF4sUbaS0i7QvIfCWw==}
    engines: {node: '>=8'}
    dependencies:
      path-key: 3.1.1
    dev: false

  /onetime/5.1.2:
    resolution: {integrity: sha512-kbpaSSGJTWdAY5KPVeMOKXSrPtr8C8C7wodJbcsd51jRnmD+GZu8Y0VoU6Dm5Z4vWr0Ig/1NKuWRKf7j5aaYSg==}
    engines: {node: '>=6'}
    dependencies:
      mimic-fn: 2.1.0
    dev: false

  /path-key/3.1.1:
    resolution: {integrity: sha512-ojmeN0qd+y0jszEtoY48r0Peq5dwMEkIlCOu6Q5f41lfkswXuKtYrhgoTpLnyIcHm24Uhqx+5Tqm2InSwLhE6Q==}
    engines: {node: '>=8'}
    dev: false

  /path-parse/1.0.7:
    resolution: {integrity: sha512-LDJzPVEEEPR+y48z93A0Ed0yXb8pAByGWo/k5YYdYgpY2/2EsOsksJrq7lOHxryrVOn1ejG6oAp8ahvOIQD8sw==}

  /picocolors/1.0.0:
    resolution: {integrity: sha512-1fygroTLlHu66zi26VoTDv8yRgm0Fccecssto+MhsZ0D/DGW2sm8E8AjW7NU5VVTRt5GxbeZ5qBuJr+HyLYkjQ==}

  /picomatch/2.2.3:
    resolution: {integrity: sha512-KpELjfwcCDUb9PeigTs2mBJzXUPzAuP2oPcA989He8Rte0+YUAjw1JVedDhuTKPkHjSYzMN3npC9luThGYEKdg==}
    engines: {node: '>=8.6'}
    dev: true

  /postcss/8.4.14:
    resolution: {integrity: sha512-E398TUmfAYFPBSdzgeieK2Y1+1cpdxJx8yXbK/m57nRhKSmk1GB2tO4lbLBtlkfPQTDKfe4Xqv1ASWPpayPEig==}
    engines: {node: ^10 || ^12 || >=14}
    dependencies:
      nanoid: 3.3.4
      picocolors: 1.0.0
      source-map-js: 1.0.2

  /preact/10.5.13:
    resolution: {integrity: sha512-q/vlKIGNwzTLu+jCcvywgGrt+H/1P/oIRSD6mV4ln3hmlC+Aa34C7yfPI4+5bzW8pONyVXYS7SvXosy2dKKtWQ==}
    dev: false

  /prism-theme-vars/0.2.3:
    resolution: {integrity: sha512-lpRg8GWfxu38m4rZwjrvOxeHlmL4tERhe9sTjrC47HMu6uCEch3bLUQVNlISoEq9Z24g5Xm+B7AKdyiKSevktg==}
    dev: false

  /prismjs/1.28.0:
    resolution: {integrity: sha512-8aaXdYvl1F7iC7Xm1spqSaY/OJBpYW3v+KJ+F17iYxvdc8sfjW194COK5wVhMZX45tGteiBQgdvD/nhxcRwylw==}
    engines: {node: '>=6'}
    dev: false

  /queue-microtask/1.2.3:
    resolution: {integrity: sha512-NuaNSa6flKT5JaSYQzJok04JzTL1CA6aGhv5rfLW3PgqA+M2ChpZQnAC8h8i4ZFkBS8X5RqkDBHA7r4hej3K9A==}
    dev: true

  /react-dom/18.2.0_react@18.2.0:
    resolution: {integrity: sha512-6IMTriUmvsjHUjNtEDudZfuDQUoWXVxKHhlEGSk81n4YFS+r/Kl99wXiwlVXtPBtJenozv2P+hxDsw9eA7Xo6g==}
    peerDependencies:
      react: ^18.2.0
    dependencies:
      loose-envify: 1.4.0
      react: 18.2.0
      scheduler: 0.23.0

  /react/18.2.0:
    resolution: {integrity: sha512-/3IjMdb2L9QbBdWiW5e3P2/npwMBaU9mHCSCUzNln0ZCYbcfTsGbTJrU/kGemdH2IWmB2ioZ+zkxtmq6g09fGQ==}
    engines: {node: '>=0.10.0'}
    dependencies:
      loose-envify: 1.4.0

  /resolve/1.22.1:
    resolution: {integrity: sha512-nBpuuYuY5jFsli/JIs1oldw6fOQCBioohqWZg/2hiaOybXOft4lonv85uDOKXdf8rhyK159cxU5cDcK/NKk8zw==}
    hasBin: true
    dependencies:
      is-core-module: 2.9.0
      path-parse: 1.0.7
      supports-preserve-symlinks-flag: 1.0.0

  /reusify/1.0.4:
    resolution: {integrity: sha512-U9nH88a3fc/ekCF1l0/UP1IosiuIjyTh7hBvXVMHYgVcfGvt897Xguj2UOLDeI5BG2m7/uwyaLVT6fbtCwTyzw==}
    engines: {iojs: '>=1.0.0', node: '>=0.10.0'}
    dev: true

  /rollup/2.75.7:
    resolution: {integrity: sha512-VSE1iy0eaAYNCxEXaleThdFXqZJ42qDBatAwrfnPlENEZ8erQ+0LYX4JXOLPceWfZpV1VtZwZ3dFCuOZiSyFtQ==}
    engines: {node: '>=10.0.0'}
    hasBin: true
    optionalDependencies:
      fsevents: 2.3.2

  /run-parallel/1.2.0:
    resolution: {integrity: sha512-5l4VyZR86LZ/lDxZTR6jqL8AFE2S0IFLMP26AbjsLVADxHdhB/c0GUsH+y39UfCi3dzz8OlQuPmnaJOMoDHQBA==}
    dependencies:
      queue-microtask: 1.2.3
    dev: true

  /scheduler/0.23.0:
    resolution: {integrity: sha512-CtuThmgHNg7zIZWAXi3AsyIzA3n4xx7aNyjwC2VJldO2LMVDhFK+63xGqq6CsJH4rTAt6/M+N4GhZiDYPx9eUw==}
    dependencies:
      loose-envify: 1.4.0

  /shebang-command/2.0.0:
    resolution: {integrity: sha512-kHxr2zZpYtdmrN1qDjrrX/Z1rR1kG8Dx+gkpK1G4eXmvXswmcE1hTWBWYUzlraYw1/yZp6YuDY77YtvbN0dmDA==}
    engines: {node: '>=8'}
    dependencies:
      shebang-regex: 3.0.0
    dev: false

  /shebang-regex/3.0.0:
    resolution: {integrity: sha512-7++dFhtcx3353uBaq8DDR4NuxBetBzC7ZQOhmTQInHEd6bSrXdiEyzCvG07Z44UYdLShWUyXt5M/yhz8ekcb1A==}
    engines: {node: '>=8'}
    dev: false

  /signal-exit/3.0.3:
    resolution: {integrity: sha512-VUJ49FC8U1OxwZLxIbTTrDvLnf/6TDgxZcK8wxR8zs13xpx7xbG60ndBlhNrFi2EMuFRoeDoJO7wthSLq42EjA==}
    dev: false

  /source-map-js/1.0.2:
    resolution: {integrity: sha512-R0XvVJ9WusLiqTCEiGCmICCMplcCkIwwR11mOSD9CR5u+IXYdiseeEuXCVAjS54zqwkLcPNnmU4OeJ6tUrWhDw==}
    engines: {node: '>=0.10.0'}

  /source-map-support/0.5.21:
    resolution: {integrity: sha512-uBHU3L3czsIyYXKX88fdrGovxdSCoTGDRZ6SYXtSRxLZUzHg5P/66Ht6uoUlHu9EZod+inXhKo3qQgwXUT/y1w==}
    dependencies:
      buffer-from: 1.1.2
      source-map: 0.6.1
    dev: false

  /source-map/0.6.1:
    resolution: {integrity: sha512-UjgapumWlbMhkBgzT7Ykc5YXUT46F0iKu8SGXq0bcwP5dz/h0Plj6enJqjz1Zbq2l5WaqYnrVbwWOWMyF3F47g==}
    engines: {node: '>=0.10.0'}

  /sourcemap-codec/1.4.8:
    resolution: {integrity: sha512-9NykojV5Uih4lgo5So5dtw+f0JgJX30KCNI8gwhz2J9A15wD0Ml6tjHKwf6fTSa6fAdVBdZeNOs9eJ71qCk8vA==}

  /strip-final-newline/2.0.0:
    resolution: {integrity: sha512-BrpvfNAE3dcvq7ll3xVumzjKjZQ5tI1sEUIKr3Uoks0XUl45St3FlatVqef9prk4jRDzhW6WZg+3bk93y6pLjA==}
    engines: {node: '>=6'}
    dev: false

  /supports-color/7.2.0:
    resolution: {integrity: sha512-qpCAvRl9stuOHveKsn7HncJRvv501qIacKzQlO/+Lwxc9+0q2wLyv4Dfvt80/DPn2pqOBsJdDiogXGR9+OvwRw==}
    engines: {node: '>=8'}
    dependencies:
      has-flag: 4.0.0
    dev: true

  /supports-preserve-symlinks-flag/1.0.0:
    resolution: {integrity: sha512-ot0WnXS9fgdkgIcePe6RHNk1WA8+muPa6cSjeR3V8K27q9BB1rTE3R1p7Hv0z1ZyAc8s6Vvv8DIyWf681MAt0w==}
    engines: {node: '>= 0.4'}

  /to-fast-properties/2.0.0:
    resolution: {integrity: sha512-/OaKK0xYrs3DmxRYqL/yDc+FxFUVYhDlXMhRmv3z915w2HF1tnN1omB354j8VUGO/hbRzyD6Y3sA7v7GS/ceog==}
    engines: {node: '>=4'}

  /to-regex-range/5.0.1:
    resolution: {integrity: sha512-65P7iz6X5yEr1cwcgvQxbbIw7Uk3gOy5dIdtZ4rDveLqhrdJP+Li/Hx6tyK0NEb+2GCyneCMJiGqrADCSNk8sQ==}
    engines: {node: '>=8.0'}
    dependencies:
      is-number: 7.0.0
    dev: true

  /tsx/3.6.0:
    resolution: {integrity: sha512-XzqSxPmyJnI7ZtEX/CLE/CSDkqbL7dK4jwtJRIZpV0EhCxWqtb1OqJPlUc4CVS3/MFdpt8ZxLpvPFohWRTHbzw==}
    hasBin: true
    dependencies:
      '@esbuild-kit/cjs-loader': 2.2.1
      '@esbuild-kit/core-utils': 2.0.2
      '@esbuild-kit/esm-loader': 2.3.1
    optionalDependencies:
      fsevents: 2.3.2
    dev: false

  /typescript/4.7.4:
    resolution: {integrity: sha512-C0WQT0gezHuw6AdY1M2jxUO83Rjf0HP7Sk1DtXj6j1EwkQNZrHAg2XPWlq62oqEhYvONq5pkC2Y9oPljWToLmQ==}
    engines: {node: '>=4.2.0'}
    hasBin: true
    dev: true

  /vite-plugin-components/0.13.3_vite@2.9.12:
    resolution: {integrity: sha512-6vLWPrEqFSW7REYvux/WVwxsytg/DcstVhdgAT806cZi/KGiQgB8dyFnLkrkFawxUQruuGkLWfS99Z/64mMC0w==}
    deprecated: renamed to `unplugin-vue-components`, see https://github.com/antfu/unplugin-vue-components/releases/tag/v0.14.0
    peerDependencies:
      vite: ^2.0.0
    dependencies:
      debug: 4.3.2
      fast-glob: 3.2.11
      magic-string: 0.25.7
      minimatch: 3.0.4
      vite: 2.9.12
    transitivePeerDependencies:
      - supports-color
    dev: true

  /vite-plugin-icons/0.6.5_@iconify+json@1.1.461:
    resolution: {integrity: sha512-lfePr8juO2ajp0571iLL+9zIoyBD9nSSSHlC4JYXbAeMOJB6WTP+Vdc2gze8yI8JRO+Z0TXCCvvL9bPgvkI4Cg==}
    deprecated: renamed to `unplugin-icons`, see https://github.com/antfu/unplugin-icons/releases/tag/v0.7.0
    peerDependencies:
      '@iconify/json': '*'
      '@vue/compiler-sfc': ^3.0.2
      vue-template-compiler: ^2.6.12
    peerDependenciesMeta:
      '@vue/compiler-sfc':
        optional: true
      vue-template-compiler:
        optional: true
    dependencies:
      '@iconify/json': 1.1.461
      '@iconify/json-tools': 1.0.10
      vue-template-es2015-compiler: 1.9.1
    dev: true

  /vite-plugin-windicss/0.17.1_vite@2.9.12:
    resolution: {integrity: sha512-7kK/Zv4uuEsmfOO6D1F7njCJrBKGhS6sz9Vzhn/3q8Vx7dpPr8J+ltEYhlCuaJT+UKLuLbxksSdfCNbX6x/jJw==}
    peerDependencies:
      vite: ^2.0.1
    dependencies:
      '@windicss/plugin-utils': 0.17.1
      chalk: 4.1.1
      debug: 4.3.2
      vite: 2.9.12
      windicss: 3.5.5
    transitivePeerDependencies:
      - supports-color
    dev: true

  /vite/2.9.12:
    resolution: {integrity: sha512-suxC36dQo9Rq1qMB2qiRorNJtJAdxguu5TMvBHOc/F370KvqAe9t48vYp+/TbPKRNrMh/J55tOUmkuIqstZaew==}
    engines: {node: '>=12.2.0'}
    hasBin: true
    peerDependencies:
      less: '*'
      sass: '*'
      stylus: '*'
    peerDependenciesMeta:
      less:
        optional: true
      sass:
        optional: true
      stylus:
        optional: true
    dependencies:
      esbuild: 0.14.47
      postcss: 8.4.14
      resolve: 1.22.1
      rollup: 2.75.7
    optionalDependencies:
      fsevents: 2.3.2

  /vitepress/0.22.4_react-dom@18.2.0+react@18.2.0:
    resolution: {integrity: sha512-oZUnLO/SpYdThaBKefDeOiVlr0Rie4Ppx3FzMnMyLtJnI5GlBMNjqYqMy/4+umm/iC+ZDJfI+IlDKxv5fZnYzA==}
    engines: {node: '>=14.0.0'}
    hasBin: true
    dependencies:
      '@docsearch/css': 3.1.0
      '@docsearch/js': 3.1.0_react-dom@18.2.0+react@18.2.0
      '@vitejs/plugin-vue': 2.3.3_vite@2.9.12+vue@3.2.37
      prismjs: 1.28.0
      vite: 2.9.12
      vue: 3.2.37
    transitivePeerDependencies:
      - '@types/react'
      - less
      - react
      - react-dom
      - sass
      - stylus
    dev: false

  /vue-demi/0.13.1_vue@3.2.37:
    resolution: {integrity: sha512-xmkJ56koG3ptpLnpgmIzk9/4nFf4CqduSJbUM0OdPoU87NwRuZ6x49OLhjSa/fC15fV+5CbEnrxU4oyE022svg==}
    engines: {node: '>=12'}
    hasBin: true
    requiresBuild: true
    peerDependencies:
      '@vue/composition-api': ^1.0.0-rc.1
      vue: ^3.0.0-0 || ^2.6.0
    peerDependenciesMeta:
      '@vue/composition-api':
        optional: true
    dependencies:
      vue: 3.2.37
    dev: false

  /vue-template-es2015-compiler/1.9.1:
    resolution: {integrity: sha512-4gDntzrifFnCEvyoO8PqyJDmguXgVPxKiIxrBKjIowvL9l+N66196+72XVYR8BBf1Uv1Fgt3bGevJ+sEmxfZzw==}
    dev: true

  /vue/3.2.37:
    resolution: {integrity: sha512-bOKEZxrm8Eh+fveCqS1/NkG/n6aMidsI6hahas7pa0w/l7jkbssJVsRhVDs07IdDq7h9KHswZOgItnwJAgtVtQ==}
    dependencies:
      '@vue/compiler-dom': 3.2.37
      '@vue/compiler-sfc': 3.2.37
      '@vue/runtime-dom': 3.2.37
      '@vue/server-renderer': 3.2.37_vue@3.2.37
      '@vue/shared': 3.2.37

  /which/2.0.2:
    resolution: {integrity: sha512-BLI3Tl1TW3Pvl70l3yq3Y64i+awpwXqsGBYWkkqMtnbXgrMD+yj7rhW0kuEDxzJaYXGjEW5ogapKNMEKNMjibA==}
    engines: {node: '>= 8'}
    hasBin: true
    dependencies:
      isexe: 2.0.0
    dev: false

  /windicss/3.5.5:
    resolution: {integrity: sha512-Mnbb9DT+74cw3UxcVimbwCw5tKxITNvOBwTFMFdUv9f5KoZensestA4vKUM8tw74QAwyjE5bqH0QQufgFQwj0Q==}
    engines: {node: '>= 12'}
    hasBin: true
    dev: true
